
Microsoft Visual Studio Solution File, Format Version 12.00
# Visual Studio Version 17
VisualStudioVersion = 17.10.34916.146
MinimumVisualStudioVersion = 10.0.40219.1
Project("{9A19103F-16F7-4668-BE54-9A1E7A4F7556}") = "EstruturaIf01", "EstruturaIf01.csproj", "{B605CBE3-A433-4B16-87EF-9C6CDDD18D58}"
EndProject
Project("{FAE04EC0-301F-11D3-BF4B-00C04F79EFBC}") = "EstruturaIfElse02", "..\EstruturaIfElse02\EstruturaIfElse02.csproj", "{27EC9FDA-70C4-4CAC-9AFC-5948F5C676BC}"
EndProject
Project("{FAE04EC0-301F-11D3-BF4B-00C04F79EFBC}") = "EstruturaIfElseIf03", "..\EstruturaIfElseIf03\EstruturaIfElseIf03.csproj", "{E89E15D6-8362-4116-BD3C-78164256A8E6}"
EndProject
Project("{FAE04EC0-301F-11D3-BF4B-00C04F79EFBC}") = "EstruturaSwitch01", "..\EstruturaSwitch01\EstruturaSwitch01.csproj", "{05781688-2DF2-467C-9557-4E7618C431B3}"
EndProject
Project("{FAE04EC0-301F-11D3-BF4B-00C04F79EFBC}") = "EstruturaSwitch02", "..\EstruturaSwitch02\EstruturaSwitch02.csproj", "{7DB4A6B3-9EFE-4136-98FB-E8F079BAD19A}"
EndProject
Project("{FAE04EC0-301F-11D3-BF4B-00C04F79EFBC}") = "EstruturaRepeticao01", "..\EstruturaRepeticao01\EstruturaRepeticao01.csproj", "{E3C67B28-E70E-42D6-8DAE-F870ACDD888C}"
EndProject
Project("{FAE04EC0-301F-11D3-BF4B-00C04F79EFBC}") = "EstruturaWhile01", "..\InstrucaoWhile01\EstruturaWhile01.csproj", "{8B4F31C6-0CC3-4295-9E6A-021A1244246D}"
EndProject
Project("{FAE04EC0-301F-11D3-BF4B-00C04F79EFBC}") = "EstruturaWhile02", "..\EstruturaWhile02\EstruturaWhile02.csproj", "{F463AE36-A2C3-4988-95B7-5FDA21446B59}"
EndProject
Project("{FAE04EC0-301F-11D3-BF4B-00C04F79EFBC}") = "EstruturaDoWhile", "..\EstruturaDoWhile\EstruturaDoWhile.csproj", "{EDC4F52D-3D87-48E0-A491-50EFE76E2CE8}"
EndProject
Project("{FAE04EC0-301F-11D3-BF4B-00C04F79EFBC}") = "EstruturaFor01", "..\EstruturaFor01\EstruturaFor01.csproj", "{2A703E65-273D-48A0-8828-7B63620DCD9F}"
EndProject
Project("{FAE04EC0-301F-11D3-BF4B-00C04F79EFBC}") = "EstruturaFor02", "..\EstruturaFor02\EstruturaFor02.csproj", "{4319E771-9F3F-43FC-AD49-B9BF9EB9787C}"
EndProject
Project("{FAE04EC0-301F-11D3-BF4B-00C04F79EFBC}") = "EstruturaBreakContinue01", "..\EstruturaBreakContinue01\EstruturaBreakContinue01.csproj", "{C0D21758-F3DE-4547-9A1D-544726A6152F}"
EndProject
Global
	GlobalSection(SolutionConfigurationPlatforms) = preSolution
		Debug|Any CPU = Debug|Any CPU
		Release|Any CPU = Release|Any CPU
	EndGlobalSection
	GlobalSection(ProjectConfigurationPlatforms) = postSolution
		{B605CBE3-A433-4B16-87EF-9C6CDDD18D58}.Debug|Any CPU.ActiveCfg = Debug|Any CPU
		{B605CBE3-A433-4B16-87EF-9C6CDDD18D58}.Debug|Any CPU.Build.0 = Debug|Any CPU
		{B605CBE3-A433-4B16-87EF-9C6CDDD18D58}.Release|Any CPU.ActiveCfg = Release|Any CPU
		{B605CBE3-A433-4B16-87EF-9C6CDDD18D58}.Release|Any CPU.Build.0 = Release|Any CPU
		{27EC9FDA-70C4-4CAC-9AFC-5948F5C676BC}.Debug|Any CPU.ActiveCfg = Debug|Any CPU
		{27EC9FDA-70C4-4CAC-9AFC-5948F5C676BC}.Debug|Any CPU.Build.0 = Debug|Any CPU
		{27EC9FDA-70C4-4CAC-9AFC-5948F5C676BC}.Release|Any CPU.ActiveCfg = Release|Any CPU
		{27EC9FDA-70C4-4CAC-9AFC-5948F5C676BC}.Release|Any CPU.Build.0 = Release|Any CPU
		{E89E15D6-8362-4116-BD3C-78164256A8E6}.Debug|Any CPU.ActiveCfg = Debug|Any CPU
		{E89E15D6-8362-4116-BD3C-78164256A8E6}.Debug|Any CPU.Build.0 = Debug|Any CPU
		{E89E15D6-8362-4116-BD3C-78164256A8E6}.Release|Any CPU.ActiveCfg = Release|Any CPU
		{E89E15D6-8362-4116-BD3C-78164256A8E6}.Release|Any CPU.Build.0 = Release|Any CPU
		{05781688-2DF2-467C-9557-4E7618C431B3}.Debug|Any CPU.ActiveCfg = Debug|Any CPU
		{05781688-2DF2-467C-9557-4E7618C431B3}.Debug|Any CPU.Build.0 = Debug|Any CPU
		{05781688-2DF2-467C-9557-4E7618C431B3}.Release|Any CPU.ActiveCfg = Release|Any CPU
		{05781688-2DF2-467C-9557-4E7618C431B3}.Release|Any CPU.Build.0 = Release|Any CPU
		{7DB4A6B3-9EFE-4136-98FB-E8F079BAD19A}.Debug|Any CPU.ActiveCfg = Debug|Any CPU
		{7DB4A6B3-9EFE-4136-98FB-E8F079BAD19A}.Debug|Any CPU.Build.0 = Debug|Any CPU
		{7DB4A6B3-9EFE-4136-98FB-E8F079BAD19A}.Release|Any CPU.ActiveCfg = Release|Any CPU
		{7DB4A6B3-9EFE-4136-98FB-E8F079BAD19A}.Release|Any CPU.Build.0 = Release|Any CPU
		{E3C67B28-E70E-42D6-8DAE-F870ACDD888C}.Debug|Any CPU.ActiveCfg = Debug|Any CPU
		{E3C67B28-E70E-42D6-8DAE-F870ACDD888C}.Debug|Any CPU.Build.0 = Debug|Any CPU
		{E3C67B28-E70E-42D6-8DAE-F870ACDD888C}.Release|Any CPU.ActiveCfg = Release|Any CPU
		{E3C67B28-E70E-42D6-8DAE-F870ACDD888C}.Release|Any CPU.Build.0 = Release|Any CPU
		{8B4F31C6-0CC3-4295-9E6A-021A1244246D}.Debug|Any CPU.ActiveCfg = Debug|Any CPU
		{8B4F31C6-0CC3-4295-9E6A-021A1244246D}.Debug|Any CPU.Build.0 = Debug|Any CPU
		{8B4F31C6-0CC3-4295-9E6A-021A1244246D}.Release|Any CPU.ActiveCfg = Release|Any CPU
		{8B4F31C6-0CC3-4295-9E6A-021A1244246D}.Release|Any CPU.Build.0 = Release|Any CPU
		{F463AE36-A2C3-4988-95B7-5FDA21446B59}.Debug|Any CPU.ActiveCfg = Debug|Any CPU
		{F463AE36-A2C3-4988-95B7-5FDA21446B59}.Debug|Any CPU.Build.0 = Debug|Any CPU
		{F463AE36-A2C3-4988-95B7-5FDA21446B59}.Release|Any CPU.ActiveCfg = Release|Any CPU
		{F463AE36-A2C3-4988-95B7-5FDA21446B59}.Release|Any CPU.Build.0 = Release|Any CPU
		{EDC4F52D-3D87-48E0-A491-50EFE76E2CE8}.Debug|Any CPU.ActiveCfg = Debug|Any CPU
		{EDC4F52D-3D87-48E0-A491-50EFE76E2CE8}.Debug|Any CPU.Build.0 = Debug|Any CPU
		{EDC4F52D-3D87-48E0-A491-50EFE76E2CE8}.Release|Any CPU.ActiveCfg = Release|Any CPU
		{EDC4F52D-3D87-48E0-A491-50EFE76E2CE8}.Release|Any CPU.Build.0 = Release|Any CPU
		{2A703E65-273D-48A0-8828-7B63620DCD9F}.Debug|Any CPU.ActiveCfg = Debug|Any CPU
		{2A703E65-273D-48A0-8828-7B63620DCD9F}.Debug|Any CPU.Build.0 = Debug|Any CPU
		{2A703E65-273D-48A0-8828-7B63620DCD9F}.Release|Any CPU.ActiveCfg = Release|Any CPU
		{2A703E65-273D-48A0-8828-7B63620DCD9F}.Release|Any CPU.Build.0 = Release|Any CPU
		{4319E771-9F3F-43FC-AD49-B9BF9EB9787C}.Debug|Any CPU.ActiveCfg = Debug|Any CPU
		{4319E771-9F3F-43FC-AD49-B9BF9EB9787C}.Debug|Any CPU.Build.0 = Debug|Any CPU
		{4319E771-9F3F-43FC-AD49-B9BF9EB9787C}.Release|Any CPU.ActiveCfg = Release|Any CPU
		{4319E771-9F3F-43FC-AD49-B9BF9EB9787C}.Release|Any CPU.Build.0 = Release|Any CPU
		{C0D21758-F3DE-4547-9A1D-544726A6152F}.Debug|Any CPU.ActiveCfg = Debug|Any CPU
		{C0D21758-F3DE-4547-9A1D-544726A6152F}.Debug|Any CPU.Build.0 = Debug|Any CPU
		{C0D21758-F3DE-4547-9A1D-544726A6152F}.Release|Any CPU.ActiveCfg = Release|Any CPU
		{C0D21758-F3DE-4547-9A1D-544726A6152F}.Release|Any CPU.Build.0 = Release|Any CPU
	EndGlobalSection
	GlobalSection(SolutionProperties) = preSolution
		HideSolutionNode = FALSE
	EndGlobalSection
	GlobalSection(ExtensibilityGlobals) = postSolution
		SolutionGuid = {D9BE5435-DD71-45FB-BF71-ACAE72D15767}
	EndGlobalSection
EndGlobal
